{
  "name": "dravencms",
  "version": "1.3",
  "lockfileVersion": 2,
  "requires": true,
  "packages": {
    "": {
      "name": "dravencms",
      "version": "1.3",
      "dependencies": {
        "blueimp-bootstrap-image-gallery": "^3.1.3",
        "blueimp-gallery": ">=v2.17.0",
        "bootstrap": "^3.3.7",
        "bootstrap-datepicker": "^1.3.0",
        "bootstrap-daterangepicker": "^2.1.13",
        "codemirror": "^5.19.0",
        "dropzone": ">=4.2.0",
        "eonasdan-bootstrap-datetimepicker": "^4.15.35",
        "flag-icon-css": ">=1.1.0",
        "font-awesome": ">=v4.5.0",
        "formstone": ">=0.8.27",
        "jquery": ">=1.9.1",
        "jquery-mousewheel": ">=3.1.9",
        "jquery-slimscroll": "",
        "jquery-ui": ">=1.10.4",
        "jquery.cycle2": ">=2.1.0",
        "jquery.maskedinput": ">=1.3.1",
        "moment": ">=2.10.6",
        "morris.js": ">=0.5.0",
        "nette-forms": "^3.3",
        "nette.ajax.js": "2.1.0",
        "pace-js": ">=v0.7.5",
        "select2": ">=3.4.5",
        "summernote": ">=v0.6.16",
        "typeahead.js": "0.10.*",
        "ublaboo-datagrid": ">=v5.4.11"
      }
    },
    "node_modules/blueimp-bootstrap-image-gallery": {
      "version": "3.4.2",
      "resolved": "https://registry.npmjs.org/blueimp-bootstrap-image-gallery/-/blueimp-bootstrap-image-gallery-3.4.2.tgz",
      "integrity": "sha1-yfszlSr1Gbb0s4JJo/muxwIxuv8="
    },
    "node_modules/blueimp-gallery": {
      "version": "3.4.0",
      "resolved": "https://registry.npmjs.org/blueimp-gallery/-/blueimp-gallery-3.4.0.tgz",
      "integrity": "sha512-t4zQ8XSlE3IuJK72gd6hnexHMUpndUZYRKcAYv+24TpYGom5YtP5yizWdH2cGwyb0MOTKojkwSWVweTo1rbDEw=="
    },
    "node_modules/bootstrap": {
      "version": "3.4.1",
      "resolved": "https://registry.npmjs.org/bootstrap/-/bootstrap-3.4.1.tgz",
      "integrity": "sha512-yN5oZVmRCwe5aKwzRj6736nSmKDX7pLYwsXiCj/EYmo16hODaBiT4En5btW/jhBF/seV+XMx3aYwukYC3A49DA==",
      "engines": {
        "node": ">=6"
      }
    },
    "node_modules/bootstrap-datepicker": {
      "version": "1.9.0",
      "resolved": "https://registry.npmjs.org/bootstrap-datepicker/-/bootstrap-datepicker-1.9.0.tgz",
      "integrity": "sha512-9rYYbaVOheGYxjOr/+bJCmRPihfy+LkLSg4fIFMT9Od8WwWB/MB50w0JO1eBgKUMbb7PFHQD5uAfI3ArAxZRXA==",
      "dependencies": {
        "jquery": ">=1.7.1 <4.0.0"
      }
    },
    "node_modules/bootstrap-daterangepicker": {
      "version": "2.1.30",
      "resolved": "https://registry.npmjs.org/bootstrap-daterangepicker/-/bootstrap-daterangepicker-2.1.30.tgz",
      "integrity": "sha1-+JPb//Wk19+qt1Rg6OppabuJaJo=",
      "dependencies": {
        "jquery": ">=1.10",
        "moment": "^2.9.0"
      }
    },
    "node_modules/codemirror": {
      "version": "5.63.3",
      "resolved": "https://registry.npmjs.org/codemirror/-/codemirror-5.63.3.tgz",
      "integrity": "sha512-1C+LELr+5grgJYqwZKqxrcbPsHFHapVaVAloBsFBASbpLnQqLw1U8yXJ3gT5D+rhxIiSpo+kTqN+hQ+9ialIXw=="
    },
    "node_modules/dropzone": {
      "version": "5.9.3",
      "resolved": "https://registry.npmjs.org/dropzone/-/dropzone-5.9.3.tgz",
      "integrity": "sha512-Azk8kD/2/nJIuVPK+zQ9sjKMRIpRvNyqn9XwbBHNq+iNuSccbJS6hwm1Woy0pMST0erSo0u4j+KJaodndDk4vA=="
    },
    "node_modules/eonasdan-bootstrap-datetimepicker": {
      "version": "4.17.49",
      "resolved": "https://registry.npmjs.org/eonasdan-bootstrap-datetimepicker/-/eonasdan-bootstrap-datetimepicker-4.17.49.tgz",
      "integrity": "sha512-7KZeDpkj+A6AtPR3XjX8gAnRPUkPSfW0OmMANG1dkUOPMtLSzbyoCjDIdEcfRtQPU5X0D9Gob7wWKn0h4QWy7A==",
      "dependencies": {
        "bootstrap": "^3.3",
        "jquery": "^3.5.1",
        "moment": "^2.10",
        "moment-timezone": "^0.4.0"
      },
      "peerDependencies": {
        "bootstrap": "^3.3",
        "jquery": "^1.8.3 || ^2.0 || ^3.0",
        "moment": "^2.10",
        "moment-timezone": "^0.4.0 || ^0.5.0"
      }
    },
    "node_modules/flag-icon-css": {
      "version": "4.1.5",
      "resolved": "https://registry.npmjs.org/flag-icon-css/-/flag-icon-css-4.1.5.tgz",
      "integrity": "sha512-n79GW+Seau2sBgT6UF4njkAIVYktGxp133+MPvs92pbqycuFxikfpb8MOCCT0u5niybkHHVXVab19a9xNqxm0g=="
    },
    "node_modules/font-awesome": {
      "version": "4.7.0",
      "resolved": "https://registry.npmjs.org/font-awesome/-/font-awesome-4.7.0.tgz",
      "integrity": "sha1-j6jPBBGhoxr9B7BtKQK7n8gVoTM=",
      "engines": {
        "node": ">=0.10.3"
      }
    },
    "node_modules/formstone": {
      "version": "1.4.22",
      "resolved": "https://registry.npmjs.org/formstone/-/formstone-1.4.22.tgz",
      "integrity": "sha512-02mi6WxBXvQCJwwk5Awazod+3OyGWLAh2eNEaDnSwGkqMqUv2NUWwfA8DhpFD8qjnHkgrq3ecqbNnW1T7NJpfA==",
      "dependencies": {
        "jquery": "^3.5.1"
      }
    },
    "node_modules/jquery": {
      "version": "3.6.0",
      "resolved": "https://registry.npmjs.org/jquery/-/jquery-3.6.0.tgz",
      "integrity": "sha512-JVzAR/AjBvVt2BmYhxRCSYysDsPcssdmTFnzyLEts9qNwmjmu4JTAMYubEfwVOSwpQ1I1sKKFcxhZCI2buerfw=="
    },
    "node_modules/jquery-mousewheel": {
      "version": "3.1.13",
      "resolved": "https://registry.npmjs.org/jquery-mousewheel/-/jquery-mousewheel-3.1.13.tgz",
      "integrity": "sha1-BvAzXxbjU6aV5yBr9QUDy1I6buU="
    },
    "node_modules/jquery-slimscroll": {
      "version": "1.3.8",
      "resolved": "https://registry.npmjs.org/jquery-slimscroll/-/jquery-slimscroll-1.3.8.tgz",
      "integrity": "sha1-hIHETnpHaHZTkIoo9/cK7WTITjY=",
      "dependencies": {
        "jquery": ">= 1.7"
      }
    },
    "node_modules/jquery-ui": {
      "version": "1.13.0",
      "resolved": "https://registry.npmjs.org/jquery-ui/-/jquery-ui-1.13.0.tgz",
      "integrity": "sha512-Osf7ECXNTYHtKBkn9xzbIf9kifNrBhfywFEKxOeB/OVctVmLlouV9mfc2qXCp6uyO4Pn72PXKOnj09qXetopCw==",
      "dependencies": {
        "jquery": ">=1.8.0 <4.0.0"
      }
    },
    "node_modules/jquery.cycle2": {
      "version": "2.1.7",
      "resolved": "https://registry.npmjs.org/jquery.cycle2/-/jquery.cycle2-2.1.7.tgz",
      "integrity": "sha1-4fB7kFyObpKm5n+oLpYA+O38J3U=",
      "dependencies": {
        "jquery": ">=1.7"
      }
    },
    "node_modules/jquery.maskedinput": {
      "version": "1.4.1",
      "resolved": "https://registry.npmjs.org/jquery.maskedinput/-/jquery.maskedinput-1.4.1.tgz",
      "integrity": "sha1-Pqj0zcTq/Oc1TCe2anPQ9E3vwyc="
    },
    "node_modules/moment": {
      "version": "2.29.1",
      "resolved": "https://registry.npmjs.org/moment/-/moment-2.29.1.tgz",
      "integrity": "sha512-kHmoybcPV8Sqy59DwNDY3Jefr64lK/by/da0ViFcuA4DH0vQg5Q6Ze5VimxkfQNSC+Mls/Kx53s7TjP1RhFEDQ==",
      "engines": {
        "node": "*"
      }
    },
    "node_modules/moment-timezone": {
      "version": "0.4.1",
      "resolved": "https://registry.npmjs.org/moment-timezone/-/moment-timezone-0.4.1.tgz",
      "integrity": "sha1-gfWYw61eIs2teWtn7NjYjQ9bqgY=",
      "dependencies": {
        "moment": ">= 2.6.0"
      },
      "engines": {
        "node": "*"
      }
    },
    "node_modules/morris.js": {
      "version": "0.5.0",
      "resolved": "https://registry.npmjs.org/morris.js/-/morris.js-0.5.0.tgz",
      "integrity": "sha1-cldnE1z64Fmq51mZuyzmocXRtEs=",
      "engines": {
        "node": ">=0.8 <0.11"
      }
    },
    "node_modules/nette-forms": {
      "version": "3.3.1",
      "resolved": "https://registry.npmjs.org/nette-forms/-/nette-forms-3.3.1.tgz",
      "integrity": "sha512-UOmA3rF+FjpSci5CGmMtsy79PMWCcl0yyfyCd8YXVS+c68FAnVq3ref5qSxYFcwFynTqcPsYKhsNh8eYW5nVhQ=="
    },
    "node_modules/nette.ajax.js": {
      "version": "2.1.0",
      "resolved": "https://registry.npmjs.org/nette.ajax.js/-/nette.ajax.js-2.1.0.tgz",
      "integrity": "sha1-HEaet90tl5+ysbgRcJJpWnauMU8="
    },
    "node_modules/pace-js": {
      "version": "1.2.4",
      "resolved": "https://registry.npmjs.org/pace-js/-/pace-js-1.2.4.tgz",
      "integrity": "sha512-qnCxtvUoY9yHId0AwMQCVmWltb698GiuVArmDbQzonTu9QCo0SgWUVnX9jB9mi+/FUSWvQULBPxUAAo/kLrh1A=="
    },
    "node_modules/select2": {
      "version": "4.0.13",
      "resolved": "https://registry.npmjs.org/select2/-/select2-4.0.13.tgz",
      "integrity": "sha512-1JeB87s6oN/TDxQQYCvS5EFoQyvV6eYMZZ0AeA4tdFDYWN3BAGZ8npr17UBFddU0lgAt3H0yjX3X6/ekOj1yjw=="
    },
    "node_modules/summernote": {
      "version": "0.8.20",
      "resolved": "https://registry.npmjs.org/summernote/-/summernote-0.8.20.tgz",
      "integrity": "sha512-W9RhjQjsn+b1s9xiJQgJbCiYGJaDAc9CdEqXo+D13WuStG8lCdtKaO5AiNiSSMJsQJN2EfGSwbBQt+SFE2B8Kw==",
      "hasInstallScript": true
    },
    "node_modules/typeahead.js": {
      "version": "0.10.5",
      "resolved": "https://registry.npmjs.org/typeahead.js/-/typeahead.js-0.10.5.tgz",
      "integrity": "sha1-HZlxsPRNOF/q2/IsnzadtWKRLeE="
    },
    "node_modules/ublaboo-datagrid": {
      "version": "6.9.1",
      "resolved": "https://registry.npmjs.org/ublaboo-datagrid/-/ublaboo-datagrid-6.9.1.tgz",
      "integrity": "sha512-b5oaMIJHKPat97xzBwC6BeN8QNSJH5rLzA4yU0SqFm5q4d0tJlsze6knPV0tWWjSV1Z+aaoTgVKX83l4XnZ4Xw=="
    }
  },
  "dependencies": {
    "blueimp-bootstrap-image-gallery": {
      "version": "3.4.2",
      "resolved": "https://registry.npmjs.org/blueimp-bootstrap-image-gallery/-/blueimp-bootstrap-image-gallery-3.4.2.tgz",
      "integrity": "sha1-yfszlSr1Gbb0s4JJo/muxwIxuv8="
    },
    "blueimp-gallery": {
      "version": "3.4.0",
      "resolved": "https://registry.npmjs.org/blueimp-gallery/-/blueimp-gallery-3.4.0.tgz",
      "integrity": "sha512-t4zQ8XSlE3IuJK72gd6hnexHMUpndUZYRKcAYv+24TpYGom5YtP5yizWdH2cGwyb0MOTKojkwSWVweTo1rbDEw=="
    },
    "bootstrap": {
      "version": "3.4.1",
      "resolved": "https://registry.npmjs.org/bootstrap/-/bootstrap-3.4.1.tgz",
      "integrity": "sha512-yN5oZVmRCwe5aKwzRj6736nSmKDX7pLYwsXiCj/EYmo16hODaBiT4En5btW/jhBF/seV+XMx3aYwukYC3A49DA=="
    },
    "bootstrap-datepicker": {
      "version": "1.9.0",
      "resolved": "https://registry.npmjs.org/bootstrap-datepicker/-/bootstrap-datepicker-1.9.0.tgz",
      "integrity": "sha512-9rYYbaVOheGYxjOr/+bJCmRPihfy+LkLSg4fIFMT9Od8WwWB/MB50w0JO1eBgKUMbb7PFHQD5uAfI3ArAxZRXA==",
      "requires": {
        "jquery": ">=1.7.1 <4.0.0"
      }
    },
    "bootstrap-daterangepicker": {
      "version": "2.1.30",
      "resolved": "https://registry.npmjs.org/bootstrap-daterangepicker/-/bootstrap-daterangepicker-2.1.30.tgz",
      "integrity": "sha1-+JPb//Wk19+qt1Rg6OppabuJaJo=",
      "requires": {
        "jquery": ">=1.10",
        "moment": "^2.9.0"
      }
    },
    "codemirror": {
      "version": "5.63.3",
      "resolved": "https://registry.npmjs.org/codemirror/-/codemirror-5.63.3.tgz",
      "integrity": "sha512-1C+LELr+5grgJYqwZKqxrcbPsHFHapVaVAloBsFBASbpLnQqLw1U8yXJ3gT5D+rhxIiSpo+kTqN+hQ+9ialIXw=="
    },
    "dropzone": {
      "version": "5.9.3",
      "resolved": "https://registry.npmjs.org/dropzone/-/dropzone-5.9.3.tgz",
      "integrity": "sha512-Azk8kD/2/nJIuVPK+zQ9sjKMRIpRvNyqn9XwbBHNq+iNuSccbJS6hwm1Woy0pMST0erSo0u4j+KJaodndDk4vA=="
    },
    "eonasdan-bootstrap-datetimepicker": {
      "version": "4.17.49",
      "resolved": "https://registry.npmjs.org/eonasdan-bootstrap-datetimepicker/-/eonasdan-bootstrap-datetimepicker-4.17.49.tgz",
      "integrity": "sha512-7KZeDpkj+A6AtPR3XjX8gAnRPUkPSfW0OmMANG1dkUOPMtLSzbyoCjDIdEcfRtQPU5X0D9Gob7wWKn0h4QWy7A==",
      "requires": {
        "bootstrap": "^3.3",
        "jquery": "^3.5.1",
        "moment": "^2.10",
        "moment-timezone": "^0.4.0"
      }
    },
    "flag-icon-css": {
      "version": "4.1.5",
      "resolved": "https://registry.npmjs.org/flag-icon-css/-/flag-icon-css-4.1.5.tgz",
      "integrity": "sha512-n79GW+Seau2sBgT6UF4njkAIVYktGxp133+MPvs92pbqycuFxikfpb8MOCCT0u5niybkHHVXVab19a9xNqxm0g=="
    },
    "font-awesome": {
      "version": "4.7.0",
      "resolved": "https://registry.npmjs.org/font-awesome/-/font-awesome-4.7.0.tgz",
      "integrity": "sha1-j6jPBBGhoxr9B7BtKQK7n8gVoTM="
    },
    "formstone": {
      "version": "1.4.22",
      "resolved": "https://registry.npmjs.org/formstone/-/formstone-1.4.22.tgz",
      "integrity": "sha512-02mi6WxBXvQCJwwk5Awazod+3OyGWLAh2eNEaDnSwGkqMqUv2NUWwfA8DhpFD8qjnHkgrq3ecqbNnW1T7NJpfA==",
      "requires": {
        "jquery": "^3.5.1"
      }
    },
    "jquery": {
      "version": "3.6.0",
      "resolved": "https://registry.npmjs.org/jquery/-/jquery-3.6.0.tgz",
      "integrity": "sha512-JVzAR/AjBvVt2BmYhxRCSYysDsPcssdmTFnzyLEts9qNwmjmu4JTAMYubEfwVOSwpQ1I1sKKFcxhZCI2buerfw=="
    },
    "jquery-mousewheel": {
      "version": "3.1.13",
      "resolved": "https://registry.npmjs.org/jquery-mousewheel/-/jquery-mousewheel-3.1.13.tgz",
      "integrity": "sha1-BvAzXxbjU6aV5yBr9QUDy1I6buU="
    },
    "jquery-slimscroll": {
      "version": "1.3.8",
      "resolved": "https://registry.npmjs.org/jquery-slimscroll/-/jquery-slimscroll-1.3.8.tgz",
      "integrity": "sha1-hIHETnpHaHZTkIoo9/cK7WTITjY=",
      "requires": {
        "jquery": ">= 1.7"
      }
    },
    "jquery-ui": {
      "version": "1.13.0",
      "resolved": "https://registry.npmjs.org/jquery-ui/-/jquery-ui-1.13.0.tgz",
      "integrity": "sha512-Osf7ECXNTYHtKBkn9xzbIf9kifNrBhfywFEKxOeB/OVctVmLlouV9mfc2qXCp6uyO4Pn72PXKOnj09qXetopCw==",
      "requires": {
        "jquery": ">=1.8.0 <4.0.0"
      }
    },
    "jquery.cycle2": {
      "version": "2.1.7",
      "resolved": "https://registry.npmjs.org/jquery.cycle2/-/jquery.cycle2-2.1.7.tgz",
      "integrity": "sha1-4fB7kFyObpKm5n+oLpYA+O38J3U=",
      "requires": {
        "jquery": ">=1.7"
      }
    },
    "jquery.maskedinput": {
      "version": "1.4.1",
      "resolved": "https://registry.npmjs.org/jquery.maskedinput/-/jquery.maskedinput-1.4.1.tgz",
      "integrity": "sha1-Pqj0zcTq/Oc1TCe2anPQ9E3vwyc="
    },
    "moment": {
      "version": "2.29.1",
      "resolved": "https://registry.npmjs.org/moment/-/moment-2.29.1.tgz",
      "integrity": "sha512-kHmoybcPV8Sqy59DwNDY3Jefr64lK/by/da0ViFcuA4DH0vQg5Q6Ze5VimxkfQNSC+Mls/Kx53s7TjP1RhFEDQ=="
    },
    "moment-timezone": {
      "version": "0.4.1",
      "resolved": "https://registry.npmjs.org/moment-timezone/-/moment-timezone-0.4.1.tgz",
      "integrity": "sha1-gfWYw61eIs2teWtn7NjYjQ9bqgY=",
      "requires": {
        "moment": ">= 2.6.0"
      }
    },
    "morris.js": {
      "version": "0.5.0",
      "resolved": "https://registry.npmjs.org/morris.js/-/morris.js-0.5.0.tgz",
      "integrity": "sha1-cldnE1z64Fmq51mZuyzmocXRtEs="
    },
    "nette-forms": {
      "version": "3.3.1",
      "resolved": "https://registry.npmjs.org/nette-forms/-/nette-forms-3.3.1.tgz",
      "integrity": "sha512-UOmA3rF+FjpSci5CGmMtsy79PMWCcl0yyfyCd8YXVS+c68FAnVq3ref5qSxYFcwFynTqcPsYKhsNh8eYW5nVhQ=="
    },
    "nette.ajax.js": {
      "version": "2.1.0",
      "resolved": "https://registry.npmjs.org/nette.ajax.js/-/nette.ajax.js-2.1.0.tgz",
      "integrity": "sha1-HEaet90tl5+ysbgRcJJpWnauMU8="
    },
    "pace-js": {
      "version": "1.2.4",
      "resolved": "https://registry.npmjs.org/pace-js/-/pace-js-1.2.4.tgz",
      "integrity": "sha512-qnCxtvUoY9yHId0AwMQCVmWltb698GiuVArmDbQzonTu9QCo0SgWUVnX9jB9mi+/FUSWvQULBPxUAAo/kLrh1A=="
    },
    "select2": {
      "version": "4.0.13",
      "resolved": "https://registry.npmjs.org/select2/-/select2-4.0.13.tgz",
      "integrity": "sha512-1JeB87s6oN/TDxQQYCvS5EFoQyvV6eYMZZ0AeA4tdFDYWN3BAGZ8npr17UBFddU0lgAt3H0yjX3X6/ekOj1yjw=="
    },
    "summernote": {
      "version": "0.8.20",
      "resolved": "https://registry.npmjs.org/summernote/-/summernote-0.8.20.tgz",
      "integrity": "sha512-W9RhjQjsn+b1s9xiJQgJbCiYGJaDAc9CdEqXo+D13WuStG8lCdtKaO5AiNiSSMJsQJN2EfGSwbBQt+SFE2B8Kw=="
    },
    "typeahead.js": {
      "version": "0.10.5",
      "resolved": "https://registry.npmjs.org/typeahead.js/-/typeahead.js-0.10.5.tgz",
      "integrity": "sha1-HZlxsPRNOF/q2/IsnzadtWKRLeE="
    },
    "ublaboo-datagrid": {
      "version": "6.9.1",
      "resolved": "https://registry.npmjs.org/ublaboo-datagrid/-/ublaboo-datagrid-6.9.1.tgz",
      "integrity": "sha512-b5oaMIJHKPat97xzBwC6BeN8QNSJH5rLzA4yU0SqFm5q4d0tJlsze6knPV0tWWjSV1Z+aaoTgVKX83l4XnZ4Xw=="
    }
  }
}
